{
  "version": 1,
  "dependencies": {
    "net9.0-windows7.0": {
      "DalamudPackager": {
        "type": "Direct",
        "requested": "[13.0.0, )",
        "resolved": "13.0.0",
        "contentHash": "Mb3cUDSK/vDPQ8gQIeuCw03EMYrej1B4J44a1AvIJ9C759p9XeqdU9Hg4WgOmlnlPe0G7ILTD32PKSUpkQNa8w=="
      },
      "DotNet.ReproducibleBuilds": {
        "type": "Direct",
        "requested": "[1.2.25, )",
        "resolved": "1.2.25",
        "contentHash": "xCXiw7BCxHJ8pF6wPepRUddlh2dlQlbr81gXA72hdk4FLHkKXas7EH/n+fk5UCA/YfMqG1Z6XaPiUjDbUNBUzg=="
      },
      "Magick.NET-Q8-AnyCPU": {
        "type": "Direct",
        "requested": "[14.6.0, )",
        "resolved": "14.6.0",
        "contentHash": "B0/qIiJ3Y+saxSLVOcPCBQe/5UZYU0FedxXu+ZvSL7DXOhEzbcOgnaTtUhpUZhMWSOB/zrkduKFHnCj+7W0GOg==",
        "dependencies": {
          "Magick.NET.Core": "14.6.0"
        }
      },
      "Magick.NET.Core": {
        "type": "Transitive",
        "resolved": "14.6.0",
        "contentHash": "hyXMoLiq6iHooL54iTYzKtiWOAQOiwrwVMeoglGifwYAduAzVfeG+/BxgIz1SaxfczBfQFlcWKTrRU0RNBucUw=="
      }
    }
  }
}